
Microsoft Visual Studio Solution File, Format Version 12.00
# Visual Studio Version 17
VisualStudioVersion = 17.11.35303.130
MinimumVisualStudioVersion = 10.0.40219.1
Project("{FAE04EC0-301F-11D3-BF4B-00C04F79EFBC}") = "Utasszallitok", "Utasszallitok\Utasszallitok.csproj", "{70877D52-19C7-40F4-B621-D77F1013B157}"
EndProject
Global
	GlobalSection(SolutionConfigurationPlatforms) = preSolution
		Debug|Any CPU = Debug|Any CPU
		Release|Any CPU = Release|Any CPU
	EndGlobalSection
	GlobalSection(ProjectConfigurationPlatforms) = postSolution
		{70877D52-19C7-40F4-B621-D77F1013B157}.Debug|Any CPU.ActiveCfg = Debug|Any CPU
		{70877D52-19C7-40F4-B621-D77F1013B157}.Debug|Any CPU.Build.0 = Debug|Any CPU
		{70877D52-19C7-40F4-B621-D77F1013B157}.Release|Any CPU.ActiveCfg = Release|Any CPU
		{70877D52-19C7-40F4-B621-D77F1013B157}.Release|Any CPU.Build.0 = Release|Any CPU
	EndGlobalSection
	GlobalSection(SolutionProperties) = preSolution
		HideSolutionNode = FALSE
	EndGlobalSection
	GlobalSection(ExtensibilityGlobals) = postSolution
		SolutionGuid = {7122BEF1-DB5F-499F-91BA-A3164616E513}
	EndGlobalSection
EndGlobal
